
Microsoft Visual Studio Solution File, Format Version 12.00
# Visual Studio Version 16
VisualStudioVersion = 16.0.31220.234
MinimumVisualStudioVersion = 10.0.40219.1
Project("{FAE04EC0-301F-11D3-BF4B-00C04F79EFBC}") = "VerySpecificCredentialManager", "VerySpecificCredentialManager.csproj", "{DE3FC084-F8E5-4BC5-8A3F-A62FD188CCF2}"
EndProject
Global
	GlobalSection(SolutionConfigurationPlatforms) = preSolution
		Debug|Any CPU = Debug|Any CPU
		Release|Any CPU = Release|Any CPU
	EndGlobalSection
	GlobalSection(ProjectConfigurationPlatforms) = postSolution
		{DE3FC084-F8E5-4BC5-8A3F-A62FD188CCF2}.Debug|Any CPU.ActiveCfg = Debug|Any CPU
		{DE3FC084-F8E5-4BC5-8A3F-A62FD188CCF2}.Debug|Any CPU.Build.0 = Debug|Any CPU
		{DE3FC084-F8E5-4BC5-8A3F-A62FD188CCF2}.Release|Any CPU.ActiveCfg = Release|Any CPU
		{DE3FC084-F8E5-4BC5-8A3F-A62FD188CCF2}.Release|Any CPU.Build.0 = Release|Any CPU
	EndGlobalSection
	GlobalSection(SolutionProperties) = preSolution
		HideSolutionNode = FALSE
	EndGlobalSection
	GlobalSection(ExtensibilityGlobals) = postSolution
		SolutionGuid = {EECEBDE5-D309-4105-A852-A76BC00C3CBA}
	EndGlobalSection
EndGlobal
